
Microsoft Visual Studio Solution File, Format Version 12.00
# Visual Studio Version 17
VisualStudioVersion = 17.10.35122.118
MinimumVisualStudioVersion = 10.0.40219.1
Project("{FAE04EC0-301F-11D3-BF4B-00C04F79EFBC}") = "PRN212_ProjectTeam1", "PRN212_ProjectTeam1\PRN212_ProjectTeam1.csproj", "{94DEBD19-EB9C-4676-A38E-50FB77065BA1}"
EndProject
Project("{FAE04EC0-301F-11D3-BF4B-00C04F79EFBC}") = "Core", "Core\Core.csproj", "{BCFCF923-DD61-4FBB-A363-9F16A1AFBD9F}"
EndProject
Project("{FAE04EC0-301F-11D3-BF4B-00C04F79EFBC}") = "OatWebGuest", "OatWebGuest\OatWebGuest.csproj", "{A9D5A342-47FD-45F8-85C8-DF1A246A538A}"
EndProject
Global
	GlobalSection(SolutionConfigurationPlatforms) = preSolution
		Debug|Any CPU = Debug|Any CPU
		Release|Any CPU = Release|Any CPU
	EndGlobalSection
	GlobalSection(ProjectConfigurationPlatforms) = postSolution
		{94DEBD19-EB9C-4676-A38E-50FB77065BA1}.Debug|Any CPU.ActiveCfg = Debug|Any CPU
		{94DEBD19-EB9C-4676-A38E-50FB77065BA1}.Debug|Any CPU.Build.0 = Debug|Any CPU
		{94DEBD19-EB9C-4676-A38E-50FB77065BA1}.Release|Any CPU.ActiveCfg = Release|Any CPU
		{94DEBD19-EB9C-4676-A38E-50FB77065BA1}.Release|Any CPU.Build.0 = Release|Any CPU
		{BCFCF923-DD61-4FBB-A363-9F16A1AFBD9F}.Debug|Any CPU.ActiveCfg = Debug|Any CPU
		{BCFCF923-DD61-4FBB-A363-9F16A1AFBD9F}.Debug|Any CPU.Build.0 = Debug|Any CPU
		{BCFCF923-DD61-4FBB-A363-9F16A1AFBD9F}.Release|Any CPU.ActiveCfg = Release|Any CPU
		{BCFCF923-DD61-4FBB-A363-9F16A1AFBD9F}.Release|Any CPU.Build.0 = Release|Any CPU
		{A9D5A342-47FD-45F8-85C8-DF1A246A538A}.Debug|Any CPU.ActiveCfg = Debug|Any CPU
		{A9D5A342-47FD-45F8-85C8-DF1A246A538A}.Debug|Any CPU.Build.0 = Debug|Any CPU
		{A9D5A342-47FD-45F8-85C8-DF1A246A538A}.Release|Any CPU.ActiveCfg = Release|Any CPU
		{A9D5A342-47FD-45F8-85C8-DF1A246A538A}.Release|Any CPU.Build.0 = Release|Any CPU
	EndGlobalSection
	GlobalSection(SolutionProperties) = preSolution
		HideSolutionNode = FALSE
	EndGlobalSection
	GlobalSection(ExtensibilityGlobals) = postSolution
		SolutionGuid = {5C1EB795-4741-448D-BFAE-F731D468017B}
	EndGlobalSection
EndGlobal
